
Microsoft Visual Studio Solution File, Format Version 12.00
# Visual Studio 14
VisualStudioVersion = 14.0.25420.1
MinimumVisualStudioVersion = 10.0.40219.1
Project("{FAE04EC0-301F-11D3-BF4B-00C04F79EFBC}") = "CountDistanceInMeter.Android", "BlackFramework\BlackFramework.Android\CountDistanceInMeter.Android.csproj", "{36BB75C6-AFD5-4336-B29E-5E801D0DBD23}"
EndProject
Project("{FAE04EC0-301F-11D3-BF4B-00C04F79EFBC}") = "CountDistanceInMeter.iOS", "BlackFramework\BlackFramework.iOS\CountDistanceInMeter.iOS.csproj", "{0599979F-5211-4434-A95B-0C6943CAF327}"
EndProject
Project("{FAE04EC0-301F-11D3-BF4B-00C04F79EFBC}") = "CountDistanceInMeterModelViewUI", "ModelViewUI\CountDistanceInMeterModelViewUI.csproj", "{B7D20C14-38A1-4DF9-BAE0-52418A4230C0}"
EndProject
Project("{FAE04EC0-301F-11D3-BF4B-00C04F79EFBC}") = "CountDistanceInMeterAppInfo", "AppInfo\CountDistanceInMeterAppInfo.csproj", "{A8D948C4-9F27-4BC2-BB0B-7FE13F42CC95}"
EndProject
Project("{FAE04EC0-301F-11D3-BF4B-00C04F79EFBC}") = "CountDistanceInMeterSQLiteDAL", "SQLiteDAL\CountDistanceInMeterSQLiteDAL.csproj", "{B9CE00CA-87F6-4D0D-9D7E-7B2B72A35F10}"
EndProject
Global
	GlobalSection(SolutionConfigurationPlatforms) = preSolution
		Ad-Hoc|Any CPU = Ad-Hoc|Any CPU
		Ad-Hoc|iPhone = Ad-Hoc|iPhone
		Ad-Hoc|iPhoneSimulator = Ad-Hoc|iPhoneSimulator
		AppStore|Any CPU = AppStore|Any CPU
		AppStore|iPhone = AppStore|iPhone
		AppStore|iPhoneSimulator = AppStore|iPhoneSimulator
		Debug|Any CPU = Debug|Any CPU
		Debug|iPhone = Debug|iPhone
		Debug|iPhoneSimulator = Debug|iPhoneSimulator
		Release|Any CPU = Release|Any CPU
		Release|iPhone = Release|iPhone
		Release|iPhoneSimulator = Release|iPhoneSimulator
	EndGlobalSection
	GlobalSection(ProjectConfigurationPlatforms) = postSolution
		{36BB75C6-AFD5-4336-B29E-5E801D0DBD23}.Ad-Hoc|Any CPU.ActiveCfg = Release|Any CPU
		{36BB75C6-AFD5-4336-B29E-5E801D0DBD23}.Ad-Hoc|Any CPU.Build.0 = Release|Any CPU
		{36BB75C6-AFD5-4336-B29E-5E801D0DBD23}.Ad-Hoc|Any CPU.Deploy.0 = Release|Any CPU
		{36BB75C6-AFD5-4336-B29E-5E801D0DBD23}.Ad-Hoc|iPhone.ActiveCfg = Release|Any CPU
		{36BB75C6-AFD5-4336-B29E-5E801D0DBD23}.Ad-Hoc|iPhone.Build.0 = Release|Any CPU
		{36BB75C6-AFD5-4336-B29E-5E801D0DBD23}.Ad-Hoc|iPhone.Deploy.0 = Release|Any CPU
		{36BB75C6-AFD5-4336-B29E-5E801D0DBD23}.Ad-Hoc|iPhoneSimulator.ActiveCfg = Release|Any CPU
		{36BB75C6-AFD5-4336-B29E-5E801D0DBD23}.Ad-Hoc|iPhoneSimulator.Build.0 = Release|Any CPU
		{36BB75C6-AFD5-4336-B29E-5E801D0DBD23}.Ad-Hoc|iPhoneSimulator.Deploy.0 = Release|Any CPU
		{36BB75C6-AFD5-4336-B29E-5E801D0DBD23}.AppStore|Any CPU.ActiveCfg = Release|Any CPU
		{36BB75C6-AFD5-4336-B29E-5E801D0DBD23}.AppStore|Any CPU.Build.0 = Release|Any CPU
		{36BB75C6-AFD5-4336-B29E-5E801D0DBD23}.AppStore|Any CPU.Deploy.0 = Release|Any CPU
		{36BB75C6-AFD5-4336-B29E-5E801D0DBD23}.AppStore|iPhone.ActiveCfg = Release|Any CPU
		{36BB75C6-AFD5-4336-B29E-5E801D0DBD23}.AppStore|iPhone.Build.0 = Release|Any CPU
		{36BB75C6-AFD5-4336-B29E-5E801D0DBD23}.AppStore|iPhone.Deploy.0 = Release|Any CPU
		{36BB75C6-AFD5-4336-B29E-5E801D0DBD23}.AppStore|iPhoneSimulator.ActiveCfg = Release|Any CPU
		{36BB75C6-AFD5-4336-B29E-5E801D0DBD23}.AppStore|iPhoneSimulator.Build.0 = Release|Any CPU
		{36BB75C6-AFD5-4336-B29E-5E801D0DBD23}.AppStore|iPhoneSimulator.Deploy.0 = Release|Any CPU
		{36BB75C6-AFD5-4336-B29E-5E801D0DBD23}.Debug|Any CPU.ActiveCfg = Debug|Any CPU
		{36BB75C6-AFD5-4336-B29E-5E801D0DBD23}.Debug|Any CPU.Build.0 = Debug|Any CPU
		{36BB75C6-AFD5-4336-B29E-5E801D0DBD23}.Debug|Any CPU.Deploy.0 = Debug|Any CPU
		{36BB75C6-AFD5-4336-B29E-5E801D0DBD23}.Debug|iPhone.ActiveCfg = Debug|Any CPU
		{36BB75C6-AFD5-4336-B29E-5E801D0DBD23}.Debug|iPhone.Build.0 = Debug|Any CPU
		{36BB75C6-AFD5-4336-B29E-5E801D0DBD23}.Debug|iPhone.Deploy.0 = Debug|Any CPU
		{36BB75C6-AFD5-4336-B29E-5E801D0DBD23}.Debug|iPhoneSimulator.ActiveCfg = Debug|Any CPU
		{36BB75C6-AFD5-4336-B29E-5E801D0DBD23}.Debug|iPhoneSimulator.Build.0 = Debug|Any CPU
		{36BB75C6-AFD5-4336-B29E-5E801D0DBD23}.Debug|iPhoneSimulator.Deploy.0 = Debug|Any CPU
		{36BB75C6-AFD5-4336-B29E-5E801D0DBD23}.Release|Any CPU.ActiveCfg = Release|Any CPU
		{36BB75C6-AFD5-4336-B29E-5E801D0DBD23}.Release|Any CPU.Build.0 = Release|Any CPU
		{36BB75C6-AFD5-4336-B29E-5E801D0DBD23}.Release|Any CPU.Deploy.0 = Release|Any CPU
		{36BB75C6-AFD5-4336-B29E-5E801D0DBD23}.Release|iPhone.ActiveCfg = Release|Any CPU
		{36BB75C6-AFD5-4336-B29E-5E801D0DBD23}.Release|iPhone.Build.0 = Release|Any CPU
		{36BB75C6-AFD5-4336-B29E-5E801D0DBD23}.Release|iPhone.Deploy.0 = Release|Any CPU
		{36BB75C6-AFD5-4336-B29E-5E801D0DBD23}.Release|iPhoneSimulator.ActiveCfg = Release|Any CPU
		{36BB75C6-AFD5-4336-B29E-5E801D0DBD23}.Release|iPhoneSimulator.Build.0 = Release|Any CPU
		{36BB75C6-AFD5-4336-B29E-5E801D0DBD23}.Release|iPhoneSimulator.Deploy.0 = Release|Any CPU
		{0599979F-5211-4434-A95B-0C6943CAF327}.Ad-Hoc|Any CPU.ActiveCfg = Ad-Hoc|iPhoneSimulator
		{0599979F-5211-4434-A95B-0C6943CAF327}.Ad-Hoc|iPhone.ActiveCfg = Ad-Hoc|iPhone
		{0599979F-5211-4434-A95B-0C6943CAF327}.Ad-Hoc|iPhone.Build.0 = Ad-Hoc|iPhone
		{0599979F-5211-4434-A95B-0C6943CAF327}.Ad-Hoc|iPhoneSimulator.ActiveCfg = Ad-Hoc|iPhoneSimulator
		{0599979F-5211-4434-A95B-0C6943CAF327}.Ad-Hoc|iPhoneSimulator.Build.0 = Ad-Hoc|iPhoneSimulator
		{0599979F-5211-4434-A95B-0C6943CAF327}.AppStore|Any CPU.ActiveCfg = AppStore|iPhoneSimulator
		{0599979F-5211-4434-A95B-0C6943CAF327}.AppStore|iPhone.ActiveCfg = AppStore|iPhone
		{0599979F-5211-4434-A95B-0C6943CAF327}.AppStore|iPhone.Build.0 = AppStore|iPhone
		{0599979F-5211-4434-A95B-0C6943CAF327}.AppStore|iPhoneSimulator.ActiveCfg = AppStore|iPhoneSimulator
		{0599979F-5211-4434-A95B-0C6943CAF327}.AppStore|iPhoneSimulator.Build.0 = AppStore|iPhoneSimulator
		{0599979F-5211-4434-A95B-0C6943CAF327}.Debug|Any CPU.ActiveCfg = Debug|iPhoneSimulator
		{0599979F-5211-4434-A95B-0C6943CAF327}.Debug|iPhone.ActiveCfg = Debug|iPhone
		{0599979F-5211-4434-A95B-0C6943CAF327}.Debug|iPhone.Build.0 = Debug|iPhone
		{0599979F-5211-4434-A95B-0C6943CAF327}.Debug|iPhoneSimulator.ActiveCfg = Debug|iPhoneSimulator
		{0599979F-5211-4434-A95B-0C6943CAF327}.Debug|iPhoneSimulator.Build.0 = Debug|iPhoneSimulator
		{0599979F-5211-4434-A95B-0C6943CAF327}.Release|Any CPU.ActiveCfg = Release|iPhoneSimulator
		{0599979F-5211-4434-A95B-0C6943CAF327}.Release|iPhone.ActiveCfg = Release|iPhone
		{0599979F-5211-4434-A95B-0C6943CAF327}.Release|iPhone.Build.0 = Release|iPhone
		{0599979F-5211-4434-A95B-0C6943CAF327}.Release|iPhoneSimulator.ActiveCfg = Release|iPhoneSimulator
		{0599979F-5211-4434-A95B-0C6943CAF327}.Release|iPhoneSimulator.Build.0 = Release|iPhoneSimulator
		{B7D20C14-38A1-4DF9-BAE0-52418A4230C0}.Ad-Hoc|Any CPU.ActiveCfg = Release|Any CPU
		{B7D20C14-38A1-4DF9-BAE0-52418A4230C0}.Ad-Hoc|Any CPU.Build.0 = Release|Any CPU
		{B7D20C14-38A1-4DF9-BAE0-52418A4230C0}.Ad-Hoc|iPhone.ActiveCfg = Release|Any CPU
		{B7D20C14-38A1-4DF9-BAE0-52418A4230C0}.Ad-Hoc|iPhone.Build.0 = Release|Any CPU
		{B7D20C14-38A1-4DF9-BAE0-52418A4230C0}.Ad-Hoc|iPhoneSimulator.ActiveCfg = Release|Any CPU
		{B7D20C14-38A1-4DF9-BAE0-52418A4230C0}.Ad-Hoc|iPhoneSimulator.Build.0 = Release|Any CPU
		{B7D20C14-38A1-4DF9-BAE0-52418A4230C0}.AppStore|Any CPU.ActiveCfg = Release|Any CPU
		{B7D20C14-38A1-4DF9-BAE0-52418A4230C0}.AppStore|Any CPU.Build.0 = Release|Any CPU
		{B7D20C14-38A1-4DF9-BAE0-52418A4230C0}.AppStore|iPhone.ActiveCfg = Release|Any CPU
		{B7D20C14-38A1-4DF9-BAE0-52418A4230C0}.AppStore|iPhone.Build.0 = Release|Any CPU
		{B7D20C14-38A1-4DF9-BAE0-52418A4230C0}.AppStore|iPhoneSimulator.ActiveCfg = Release|Any CPU
		{B7D20C14-38A1-4DF9-BAE0-52418A4230C0}.AppStore|iPhoneSimulator.Build.0 = Release|Any CPU
		{B7D20C14-38A1-4DF9-BAE0-52418A4230C0}.Debug|Any CPU.ActiveCfg = Debug|Any CPU
		{B7D20C14-38A1-4DF9-BAE0-52418A4230C0}.Debug|Any CPU.Build.0 = Debug|Any CPU
		{B7D20C14-38A1-4DF9-BAE0-52418A4230C0}.Debug|iPhone.ActiveCfg = Debug|Any CPU
		{B7D20C14-38A1-4DF9-BAE0-52418A4230C0}.Debug|iPhone.Build.0 = Debug|Any CPU
		{B7D20C14-38A1-4DF9-BAE0-52418A4230C0}.Debug|iPhoneSimulator.ActiveCfg = Debug|Any CPU
		{B7D20C14-38A1-4DF9-BAE0-52418A4230C0}.Debug|iPhoneSimulator.Build.0 = Debug|Any CPU
		{B7D20C14-38A1-4DF9-BAE0-52418A4230C0}.Release|Any CPU.ActiveCfg = Release|Any CPU
		{B7D20C14-38A1-4DF9-BAE0-52418A4230C0}.Release|Any CPU.Build.0 = Release|Any CPU
		{B7D20C14-38A1-4DF9-BAE0-52418A4230C0}.Release|iPhone.ActiveCfg = Release|Any CPU
		{B7D20C14-38A1-4DF9-BAE0-52418A4230C0}.Release|iPhone.Build.0 = Release|Any CPU
		{B7D20C14-38A1-4DF9-BAE0-52418A4230C0}.Release|iPhoneSimulator.ActiveCfg = Release|Any CPU
		{B7D20C14-38A1-4DF9-BAE0-52418A4230C0}.Release|iPhoneSimulator.Build.0 = Release|Any CPU
		{A8D948C4-9F27-4BC2-BB0B-7FE13F42CC95}.Ad-Hoc|Any CPU.ActiveCfg = Release|Any CPU
		{A8D948C4-9F27-4BC2-BB0B-7FE13F42CC95}.Ad-Hoc|Any CPU.Build.0 = Release|Any CPU
		{A8D948C4-9F27-4BC2-BB0B-7FE13F42CC95}.Ad-Hoc|iPhone.ActiveCfg = Release|Any CPU
		{A8D948C4-9F27-4BC2-BB0B-7FE13F42CC95}.Ad-Hoc|iPhone.Build.0 = Release|Any CPU
		{A8D948C4-9F27-4BC2-BB0B-7FE13F42CC95}.Ad-Hoc|iPhoneSimulator.ActiveCfg = Release|Any CPU
		{A8D948C4-9F27-4BC2-BB0B-7FE13F42CC95}.Ad-Hoc|iPhoneSimulator.Build.0 = Release|Any CPU
		{A8D948C4-9F27-4BC2-BB0B-7FE13F42CC95}.AppStore|Any CPU.ActiveCfg = Release|Any CPU
		{A8D948C4-9F27-4BC2-BB0B-7FE13F42CC95}.AppStore|Any CPU.Build.0 = Release|Any CPU
		{A8D948C4-9F27-4BC2-BB0B-7FE13F42CC95}.AppStore|iPhone.ActiveCfg = Release|Any CPU
		{A8D948C4-9F27-4BC2-BB0B-7FE13F42CC95}.AppStore|iPhone.Build.0 = Release|Any CPU
		{A8D948C4-9F27-4BC2-BB0B-7FE13F42CC95}.AppStore|iPhoneSimulator.ActiveCfg = Release|Any CPU
		{A8D948C4-9F27-4BC2-BB0B-7FE13F42CC95}.AppStore|iPhoneSimulator.Build.0 = Release|Any CPU
		{A8D948C4-9F27-4BC2-BB0B-7FE13F42CC95}.Debug|Any CPU.ActiveCfg = Debug|Any CPU
		{A8D948C4-9F27-4BC2-BB0B-7FE13F42CC95}.Debug|Any CPU.Build.0 = Debug|Any CPU
		{A8D948C4-9F27-4BC2-BB0B-7FE13F42CC95}.Debug|iPhone.ActiveCfg = Debug|Any CPU
		{A8D948C4-9F27-4BC2-BB0B-7FE13F42CC95}.Debug|iPhone.Build.0 = Debug|Any CPU
		{A8D948C4-9F27-4BC2-BB0B-7FE13F42CC95}.Debug|iPhoneSimulator.ActiveCfg = Debug|Any CPU
		{A8D948C4-9F27-4BC2-BB0B-7FE13F42CC95}.Debug|iPhoneSimulator.Build.0 = Debug|Any CPU
		{A8D948C4-9F27-4BC2-BB0B-7FE13F42CC95}.Release|Any CPU.ActiveCfg = Release|Any CPU
		{A8D948C4-9F27-4BC2-BB0B-7FE13F42CC95}.Release|Any CPU.Build.0 = Release|Any CPU
		{A8D948C4-9F27-4BC2-BB0B-7FE13F42CC95}.Release|iPhone.ActiveCfg = Release|Any CPU
		{A8D948C4-9F27-4BC2-BB0B-7FE13F42CC95}.Release|iPhone.Build.0 = Release|Any CPU
		{A8D948C4-9F27-4BC2-BB0B-7FE13F42CC95}.Release|iPhoneSimulator.ActiveCfg = Release|Any CPU
		{A8D948C4-9F27-4BC2-BB0B-7FE13F42CC95}.Release|iPhoneSimulator.Build.0 = Release|Any CPU
		{B9CE00CA-87F6-4D0D-9D7E-7B2B72A35F10}.Ad-Hoc|Any CPU.ActiveCfg = Release|Any CPU
		{B9CE00CA-87F6-4D0D-9D7E-7B2B72A35F10}.Ad-Hoc|Any CPU.Build.0 = Release|Any CPU
		{B9CE00CA-87F6-4D0D-9D7E-7B2B72A35F10}.Ad-Hoc|iPhone.ActiveCfg = Release|Any CPU
		{B9CE00CA-87F6-4D0D-9D7E-7B2B72A35F10}.Ad-Hoc|iPhone.Build.0 = Release|Any CPU
		{B9CE00CA-87F6-4D0D-9D7E-7B2B72A35F10}.Ad-Hoc|iPhoneSimulator.ActiveCfg = Release|Any CPU
		{B9CE00CA-87F6-4D0D-9D7E-7B2B72A35F10}.Ad-Hoc|iPhoneSimulator.Build.0 = Release|Any CPU
		{B9CE00CA-87F6-4D0D-9D7E-7B2B72A35F10}.AppStore|Any CPU.ActiveCfg = Release|Any CPU
		{B9CE00CA-87F6-4D0D-9D7E-7B2B72A35F10}.AppStore|Any CPU.Build.0 = Release|Any CPU
		{B9CE00CA-87F6-4D0D-9D7E-7B2B72A35F10}.AppStore|iPhone.ActiveCfg = Release|Any CPU
		{B9CE00CA-87F6-4D0D-9D7E-7B2B72A35F10}.AppStore|iPhone.Build.0 = Release|Any CPU
		{B9CE00CA-87F6-4D0D-9D7E-7B2B72A35F10}.AppStore|iPhoneSimulator.ActiveCfg = Release|Any CPU
		{B9CE00CA-87F6-4D0D-9D7E-7B2B72A35F10}.AppStore|iPhoneSimulator.Build.0 = Release|Any CPU
		{B9CE00CA-87F6-4D0D-9D7E-7B2B72A35F10}.Debug|Any CPU.ActiveCfg = Debug|Any CPU
		{B9CE00CA-87F6-4D0D-9D7E-7B2B72A35F10}.Debug|Any CPU.Build.0 = Debug|Any CPU
		{B9CE00CA-87F6-4D0D-9D7E-7B2B72A35F10}.Debug|iPhone.ActiveCfg = Debug|Any CPU
		{B9CE00CA-87F6-4D0D-9D7E-7B2B72A35F10}.Debug|iPhone.Build.0 = Debug|Any CPU
		{B9CE00CA-87F6-4D0D-9D7E-7B2B72A35F10}.Debug|iPhoneSimulator.ActiveCfg = Debug|Any CPU
		{B9CE00CA-87F6-4D0D-9D7E-7B2B72A35F10}.Debug|iPhoneSimulator.Build.0 = Debug|Any CPU
		{B9CE00CA-87F6-4D0D-9D7E-7B2B72A35F10}.Release|Any CPU.ActiveCfg = Release|Any CPU
		{B9CE00CA-87F6-4D0D-9D7E-7B2B72A35F10}.Release|Any CPU.Build.0 = Release|Any CPU
		{B9CE00CA-87F6-4D0D-9D7E-7B2B72A35F10}.Release|iPhone.ActiveCfg = Release|Any CPU
		{B9CE00CA-87F6-4D0D-9D7E-7B2B72A35F10}.Release|iPhone.Build.0 = Release|Any CPU
		{B9CE00CA-87F6-4D0D-9D7E-7B2B72A35F10}.Release|iPhoneSimulator.ActiveCfg = Release|Any CPU
		{B9CE00CA-87F6-4D0D-9D7E-7B2B72A35F10}.Release|iPhoneSimulator.Build.0 = Release|Any CPU
	EndGlobalSection
	GlobalSection(SolutionProperties) = preSolution
		HideSolutionNode = FALSE
	EndGlobalSection
EndGlobal
